// !$*UTF8*$!
{
	archiveVersion = 1;
	classes = {
	};
	objectVersion = 56;
	objects = {

/* Begin PBXBuildFile section */
		812DA8D82B7D2157009F73DE /* AppDelegate.swift in Sources */ = {isa = PBXBuildFile; fileRef = 812DA8D72B7D2157009F73DE /* AppDelegate.swift */; };
		812DA8DA2B7D2157009F73DE /* SceneDelegate.swift in Sources */ = {isa = PBXBuildFile; fileRef = 812DA8D92B7D2157009F73DE /* SceneDelegate.swift */; };
		812DA8DC2B7D2157009F73DE /* ViewController.swift in Sources */ = {isa = PBXBuildFile; fileRef = 812DA8DB2B7D2157009F73DE /* ViewController.swift */; };
		812DA8DF2B7D2157009F73DE /* Main.storyboard in Resources */ = {isa = PBXBuildFile; fileRef = 812DA8DD2B7D2157009F73DE /* Main.storyboard */; };
		812DA8E12B7D2159009F73DE /* Assets.xcassets in Resources */ = {isa = PBXBuildFile; fileRef = 812DA8E02B7D2159009F73DE /* Assets.xcassets */; };
		812DA8E42B7D2159009F73DE /* LaunchScreen.storyboard in Resources */ = {isa = PBXBuildFile; fileRef = 812DA8E22B7D2159009F73DE /* LaunchScreen.storyboard */; };
		812DA8EC2B7D2262009F73DE /* Model.swift in Sources */ = {isa = PBXBuildFile; fileRef = 812DA8EB2B7D2262009F73DE /* Model.swift */; };
		812DA8EF2B7D23B4009F73DE /* Branch in Frameworks */ = {isa = PBXBuildFile; productRef = 812DA8EE2B7D23B4009F73DE /* Branch */; };
		812DA8F22B7D2494009F73DE /* Alamofire in Frameworks */ = {isa = PBXBuildFile; productRef = 812DA8F12B7D2494009F73DE /* Alamofire */; };
		812DA8F62B7D27D2009F73DE /* DetaljiVC.swift in Sources */ = {isa = PBXBuildFile; fileRef = 812DA8F52B7D27D2009F73DE /* DetaljiVC.swift */; };
		812DA8F82B7D28E5009F73DE /* CelijaPozicije.swift in Sources */ = {isa = PBXBuildFile; fileRef = 812DA8F72B7D28E5009F73DE /* CelijaPozicije.swift */; };
		812DA8FA2B7D2E9D009F73DE /* ListaPozicijaViewModel.swift in Sources */ = {isa = PBXBuildFile; fileRef = 812DA8F92B7D2E9D009F73DE /* ListaPozicijaViewModel.swift */; };
		812DA8FC2B7D2EFD009F73DE /* DetaljiPozicijeViewModel.swift in Sources */ = {isa = PBXBuildFile; fileRef = 812DA8FB2B7D2EFD009F73DE /* DetaljiPozicijeViewModel.swift */; };
/* End PBXBuildFile section */

/* Begin PBXFileReference section */
		812DA8D42B7D2157009F73DE /* Demo01.app */ = {isa = PBXFileReference; explicitFileType = wrapper.application; includeInIndex = 0; path = Demo01.app; sourceTree = BUILT_PRODUCTS_DIR; };
		812DA8D72B7D2157009F73DE /* AppDelegate.swift */ = {isa = PBXFileReference; lastKnownFileType = sourcecode.swift; path = AppDelegate.swift; sourceTree = "<group>"; };
		812DA8D92B7D2157009F73DE /* SceneDelegate.swift */ = {isa = PBXFileReference; lastKnownFileType = sourcecode.swift; path = SceneDelegate.swift; sourceTree = "<group>"; };
		812DA8DB2B7D2157009F73DE /* ViewController.swift */ = {isa = PBXFileReference; lastKnownFileType = sourcecode.swift; path = ViewController.swift; sourceTree = "<group>"; };
		812DA8DE2B7D2157009F73DE /* Base */ = {isa = PBXFileReference; lastKnownFileType = file.storyboard; name = Base; path = Base.lproj/Main.storyboard; sourceTree = "<group>"; };
		812DA8E02B7D2159009F73DE /* Assets.xcassets */ = {isa = PBXFileReference; lastKnownFileType = folder.assetcatalog; path = Assets.xcassets; sourceTree = "<group>"; };
		812DA8E32B7D2159009F73DE /* Base */ = {isa = PBXFileReference; lastKnownFileType = file.storyboard; name = Base; path = Base.lproj/LaunchScreen.storyboard; sourceTree = "<group>"; };
		812DA8E52B7D2159009F73DE /* Info.plist */ = {isa = PBXFileReference; lastKnownFileType = text.plist.xml; path = Info.plist; sourceTree = "<group>"; };
		812DA8EB2B7D2262009F73DE /* Model.swift */ = {isa = PBXFileReference; lastKnownFileType = sourcecode.swift; path = Model.swift; sourceTree = "<group>"; };
		812DA8F52B7D27D2009F73DE /* DetaljiVC.swift */ = {isa = PBXFileReference; lastKnownFileType = sourcecode.swift; path = DetaljiVC.swift; sourceTree = "<group>"; };
		812DA8F72B7D28E5009F73DE /* CelijaPozicije.swift */ = {isa = PBXFileReference; lastKnownFileType = sourcecode.swift; path = CelijaPozicije.swift; sourceTree = "<group>"; };
		812DA8F92B7D2E9D009F73DE /* ListaPozicijaViewModel.swift */ = {isa = PBXFileReference; lastKnownFileType = sourcecode.swift; path = ListaPozicijaViewModel.swift; sourceTree = "<group>"; };
		812DA8FB2B7D2EFD009F73DE /* DetaljiPozicijeViewModel.swift */ = {isa = PBXFileReference; lastKnownFileType = sourcecode.swift; path = DetaljiPozicijeViewModel.swift; sourceTree = "<group>"; };
/* End PBXFileReference section */

/* Begin PBXFrameworksBuildPhase section */
		812DA8D12B7D2157009F73DE /* Frameworks */ = {
			isa = PBXFrameworksBuildPhase;
			buildActionMask = 2147483647;
			files = (
				812DA8EF2B7D23B4009F73DE /* Branch in Frameworks */,
				812DA8F22B7D2494009F73DE /* Alamofire in Frameworks */,
			);
			runOnlyForDeploymentPostprocessing = 0;
		};
/* End PBXFrameworksBuildPhase section */

/* Begin PBXGroup section */
		812DA8CB2B7D2157009F73DE = {
			isa = PBXGroup;
			children = (
				812DA8EB2B7D2262009F73DE /* Model.swift */,
				812DA8F92B7D2E9D009F73DE /* ListaPozicijaViewModel.swift */,
				812DA8FB2B7D2EFD009F73DE /* DetaljiPozicijeViewModel.swift */,
				812DA8D62B7D2157009F73DE /* Demo01 */,
				812DA8D52B7D2157009F73DE /* Products */,
			);
			sourceTree = "<group>";
		};
		812DA8D52B7D2157009F73DE /* Products */ = {
			isa = PBXGroup;
			children = (
				812DA8D42B7D2157009F73DE /* Demo01.app */,
			);
			name = Products;
			sourceTree = "<group>";
		};
		812DA8D62B7D2157009F73DE /* Demo01 */ = {
			isa = PBXGroup;
			children = (
				812DA8D72B7D2157009F73DE /* AppDelegate.swift */,
				812DA8D92B7D2157009F73DE /* SceneDelegate.swift */,
				812DA8DB2B7D2157009F73DE /* ViewController.swift */,
				812DA8DD2B7D2157009F73DE /* Main.storyboard */,
				812DA8F72B7D28E5009F73DE /* CelijaPozicije.swift */,
				812DA8F52B7D27D2009F73DE /* DetaljiVC.swift */,
				812DA8E02B7D2159009F73DE /* Assets.xcassets */,
				812DA8E22B7D2159009F73DE /* LaunchScreen.storyboard */,
				812DA8E52B7D2159009F73DE /* Info.plist */,
			);
			path = Demo01;
			sourceTree = "<group>";
		};
/* End PBXGroup section */

/* Begin PBXNativeTarget section */
		812DA8D32B7D2157009F73DE /* Demo01 */ = {
			isa = PBXNativeTarget;
			buildConfigurationList = 812DA8E82B7D2159009F73DE /* Build configuration list for PBXNativeTarget "Demo01" */;
			buildPhases = (
				812DA8D02B7D2157009F73DE /* Sources */,
				812DA8D12B7D2157009F73DE /* Frameworks */,
				812DA8D22B7D2157009F73DE /* Resources */,
			);
			buildRules = (
			);
			dependencies = (
			);
			name = Demo01;
			packageProductDependencies = (
				812DA8EE2B7D23B4009F73DE /* Branch */,
				812DA8F12B7D2494009F73DE /* Alamofire */,
			);
			productName = Demo01;
			productReference = 812DA8D42B7D2157009F73DE /* Demo01.app */;
			productType = "com.apple.product-type.application";
		};
/* End PBXNativeTarget section */

/* Begin PBXProject section */
		812DA8CC2B7D2157009F73DE /* Project object */ = {
			isa = PBXProject;
			attributes = {
				BuildIndependentTargetsInParallel = 1;
				LastSwiftUpdateCheck = 1420;
				LastUpgradeCheck = 1420;
				TargetAttributes = {
					812DA8D32B7D2157009F73DE = {
						CreatedOnToolsVersion = 14.2;
					};
				};
			};
			buildConfigurationList = 812DA8CF2B7D2157009F73DE /* Build configuration list for PBXProject "Demo01" */;
			compatibilityVersion = "Xcode 14.0";
			developmentRegion = en;
			hasScannedForEncodings = 0;
			knownRegions = (
				en,
				Base,
			);
			mainGroup = 812DA8CB2B7D2157009F73DE;
			packageReferences = (
				812DA8ED2B7D23B4009F73DE /* XCRemoteSwiftPackageReference "branch.io" */,
				812DA8F02B7D2494009F73DE /* XCRemoteSwiftPackageReference "Alamofire" */,
			);
			productRefGroup = 812DA8D52B7D2157009F73DE /* Products */;
			projectDirPath = "";
			projectRoot = "";
			targets = (
				812DA8D32B7D2157009F73DE /* Demo01 */,
			);
		};
/* End PBXProject section */

/* Begin PBXResourcesBuildPhase section */
		812DA8D22B7D2157009F73DE /* Resources */ = {
			isa = PBXResourcesBuildPhase;
			buildActionMask = 2147483647;
			files = (
				812DA8E42B7D2159009F73DE /* LaunchScreen.storyboard in Resources */,
				812DA8E12B7D2159009F73DE /* Assets.xcassets in Resources */,
				812DA8DF2B7D2157009F73DE /* Main.storyboard in Resources */,
			);
			runOnlyForDeploymentPostprocessing = 0;
		};
/* End PBXResourcesBuildPhase section */

/* Begin PBXSourcesBuildPhase section */
		812DA8D02B7D2157009F73DE /* Sources */ = {
			isa = PBXSourcesBuildPhase;
			buildActionMask = 2147483647;
			files = (
				812DA8DC2B7D2157009F73DE /* ViewController.swift in Sources */,
				812DA8D82B7D2157009F73DE /* AppDelegate.swift in Sources */,
				812DA8DA2B7D2157009F73DE /* SceneDelegate.swift in Sources */,
				812DA8F62B7D27D2009F73DE /* DetaljiVC.swift in Sources */,
				812DA8F82B7D28E5009F73DE /* CelijaPozicije.swift in Sources */,
				812DA8EC2B7D2262009F73DE /* Model.swift in Sources */,
				812DA8FA2B7D2E9D009F73DE /* ListaPozicijaViewModel.swift in Sources */,
				812DA8FC2B7D2EFD009F73DE /* DetaljiPozicijeViewModel.swift in Sources */,
			);
			runOnlyForDeploymentPostprocessing = 0;
		};
/* End PBXSourcesBuildPhase section */

/* Begin PBXVariantGroup section */
		812DA8DD2B7D2157009F73DE /* Main.storyboard */ = {
			isa = PBXVariantGroup;
			children = (
				812DA8DE2B7D2157009F73DE /* Base */,
			);
			name = Main.storyboard;
			sourceTree = "<group>";
		};
		812DA8E22B7D2159009F73DE /* LaunchScreen.storyboard */ = {
			isa = PBXVariantGroup;
			children = (
				812DA8E32B7D2159009F73DE /* Base */,
			);
			name = LaunchScreen.storyboard;
			sourceTree = "<group>";
		};
/* End PBXVariantGroup section */

/* Begin XCBuildConfiguration section */
		812DA8E62B7D2159009F73DE /* Debug */ = {
			isa = XCBuildConfiguration;
			buildSettings = {
				ALWAYS_SEARCH_USER_PATHS = NO;
				CLANG_ANALYZER_NONNULL = YES;
				CLANG_ANALYZER_NUMBER_OBJECT_CONVERSION = YES_AGGRESSIVE;
				CLANG_CXX_LANGUAGE_STANDARD = "gnu++20";
				CLANG_ENABLE_MODULES = YES;
				CLANG_ENABLE_OBJC_ARC = YES;
				CLANG_ENABLE_OBJC_WEAK = YES;
				CLANG_WARN_BLOCK_CAPTURE_AUTORELEASING = YES;
				CLANG_WARN_BOOL_CONVERSION = YES;
				CLANG_WARN_COMMA = YES;
				CLANG_WARN_CONSTANT_CONVERSION = YES;
				CLANG_WARN_DEPRECATED_OBJC_IMPLEMENTATIONS = YES;
				CLANG_WARN_DIRECT_OBJC_ISA_USAGE = YES_ERROR;
				CLANG_WARN_DOCUMENTATION_COMMENTS = YES;
				CLANG_WARN_EMPTY_BODY = YES;
				CLANG_WARN_ENUM_CONVERSION = YES;
				CLANG_WARN_INFINITE_RECURSION = YES;
				CLANG_WARN_INT_CONVERSION = YES;
				CLANG_WARN_NON_LITERAL_NULL_CONVERSION = YES;
				CLANG_WARN_OBJC_IMPLICIT_RETAIN_SELF = YES;
				CLANG_WARN_OBJC_LITERAL_CONVERSION = YES;
				CLANG_WARN_OBJC_ROOT_CLASS = YES_ERROR;
				CLANG_WARN_QUOTED_INCLUDE_IN_FRAMEWORK_HEADER = YES;
				CLANG_WARN_RANGE_LOOP_ANALYSIS = YES;
				CLANG_WARN_STRICT_PROTOTYPES = YES;
				CLANG_WARN_SUSPICIOUS_MOVE = YES;
				CLANG_WARN_UNGUARDED_AVAILABILITY = YES_AGGRESSIVE;
				CLANG_WARN_UNREACHABLE_CODE = YES;
				CLANG_WARN__DUPLICATE_METHOD_MATCH = YES;
				COPY_PHASE_STRIP = NO;
				DEBUG_INFORMATION_FORMAT = dwarf;
				ENABLE_STRICT_OBJC_MSGSEND = YES;
				ENABLE_TESTABILITY = YES;
				GCC_C_LANGUAGE_STANDARD = gnu11;
				GCC_DYNAMIC_NO_PIC = NO;
				GCC_NO_COMMON_BLOCKS = YES;
				GCC_OPTIMIZATION_LEVEL = 0;
				GCC_PREPROCESSOR_DEFINITIONS = (
					"DEBUG=1",
					"$(inherited)",
				);
				GCC_WARN_64_TO_32_BIT_CONVERSION = YES;
				GCC_WARN_ABOUT_RETURN_TYPE = YES_ERROR;
				GCC_WARN_UNDECLARED_SELECTOR = YES;
				GCC_WARN_UNINITIALIZED_AUTOS = YES_AGGRESSIVE;
				GCC_WARN_UNUSED_FUNCTION = YES;
				GCC_WARN_UNUSED_VARIABLE = YES;
				IPHONEOS_DEPLOYMENT_TARGET = 16.2;
				MTL_ENABLE_DEBUG_INFO = INCLUDE_SOURCE;
				MTL_FAST_MATH = YES;
				ONLY_ACTIVE_ARCH = YES;
				SDKROOT = iphoneos;
				SWIFT_ACTIVE_COMPILATION_CONDITIONS = DEBUG;
				SWIFT_OPTIMIZATION_LEVEL = "-Onone";
			};
			name = Debug;
		};
		812DA8E72B7D2159009F73DE /* Release */ = {
			isa = XCBuildConfiguration;
			buildSettings = {
				ALWAYS_SEARCH_USER_PATHS = NO;
				CLANG_ANALYZER_NONNULL = YES;
				CLANG_ANALYZER_NUMBER_OBJECT_CONVERSION = YES_AGGRESSIVE;
				CLANG_CXX_LANGUAGE_STANDARD = "gnu++20";
				CLANG_ENABLE_MODULES = YES;
				CLANG_ENABLE_OBJC_ARC = YES;
				CLANG_ENABLE_OBJC_WEAK = YES;
				CLANG_WARN_BLOCK_CAPTURE_AUTORELEASING = YES;
				CLANG_WARN_BOOL_CONVERSION = YES;
				CLANG_WARN_COMMA = YES;
				CLANG_WARN_CONSTANT_CONVERSION = YES;
				CLANG_WARN_DEPRECATED_OBJC_IMPLEMENTATIONS = YES;
				CLANG_WARN_DIRECT_OBJC_ISA_USAGE = YES_ERROR;
				CLANG_WARN_DOCUMENTATION_COMMENTS = YES;
				CLANG_WARN_EMPTY_BODY = YES;
				CLANG_WARN_ENUM_CONVERSION = YES;
				CLANG_WARN_INFINITE_RECURSION = YES;
				CLANG_WARN_INT_CONVERSION = YES;
				CLANG_WARN_NON_LITERAL_NULL_CONVERSION = YES;
				CLANG_WARN_OBJC_IMPLICIT_RETAIN_SELF = YES;
				CLANG_WARN_OBJC_LITERAL_CONVERSION = YES;
				CLANG_WARN_OBJC_ROOT_CLASS = YES_ERROR;
				CLANG_WARN_QUOTED_INCLUDE_IN_FRAMEWORK_HEADER = YES;
				CLANG_WARN_RANGE_LOOP_ANALYSIS = YES;
				CLANG_WARN_STRICT_PROTOTYPES = YES;
				CLANG_WARN_SUSPICIOUS_MOVE = YES;
				CLANG_WARN_UNGUARDED_AVAILABILITY = YES_AGGRESSIVE;
				CLANG_WARN_UNREACHABLE_CODE = YES;
				CLANG_WARN__DUPLICATE_METHOD_MATCH = YES;
				COPY_PHASE_STRIP = NO;
				DEBUG_INFORMATION_FORMAT = "dwarf-with-dsym";
				ENABLE_NS_ASSERTIONS = NO;
				ENABLE_STRICT_OBJC_MSGSEND = YES;
				GCC_C_LANGUAGE_STANDARD = gnu11;
				GCC_NO_COMMON_BLOCKS = YES;
				GCC_WARN_64_TO_32_BIT_CONVERSION = YES;
				GCC_WARN_ABOUT_RETURN_TYPE = YES_ERROR;
				GCC_WARN_UNDECLARED_SELECTOR = YES;
				GCC_WARN_UNINITIALIZED_AUTOS = YES_AGGRESSIVE;
				GCC_WARN_UNUSED_FUNCTION = YES;
				GCC_WARN_UNUSED_VARIABLE = YES;
				IPHONEOS_DEPLOYMENT_TARGET = 16.2;
				MTL_ENABLE_DEBUG_INFO = NO;
				MTL_FAST_MATH = YES;
				SDKROOT = iphoneos;
				SWIFT_COMPILATION_MODE = wholemodule;
				SWIFT_OPTIMIZATION_LEVEL = "-O";
				VALIDATE_PRODUCT = YES;
			};
			name = Release;
		};
		812DA8E92B7D2159009F73DE /* Debug */ = {
			isa = XCBuildConfiguration;
			buildSettings = {
				ASSETCATALOG_COMPILER_APPICON_NAME = AppIcon;
				ASSETCATALOG_COMPILER_GLOBAL_ACCENT_COLOR_NAME = AccentColor;
				CODE_SIGN_STYLE = Automatic;
				CURRENT_PROJECT_VERSION = 1;
				GENERATE_INFOPLIST_FILE = YES;
				INFOPLIST_FILE = Demo01/Info.plist;
				INFOPLIST_KEY_UIApplicationSupportsIndirectInputEvents = YES;
				INFOPLIST_KEY_UILaunchStoryboardName = LaunchScreen;
				INFOPLIST_KEY_UIMainStoryboardFile = Main;
				INFOPLIST_KEY_UISupportedInterfaceOrientations_iPad = "UIInterfaceOrientationPortrait UIInterfaceOrientationPortraitUpsideDown UIInterfaceOrientationLandscapeLeft UIInterfaceOrientationLandscapeRight";
				INFOPLIST_KEY_UISupportedInterfaceOrientations_iPhone = "UIInterfaceOrientationPortrait UIInterfaceOrientationLandscapeLeft UIInterfaceOrientationLandscapeRight";
				LD_RUNPATH_SEARCH_PATHS = (
					"$(inherited)",
					"@executable_path/Frameworks",
				);
				MARKETING_VERSION = 1.0;
				PRODUCT_BUNDLE_IDENTIFIER = com.nikolailic.Demo01;
				PRODUCT_NAME = "$(TARGET_NAME)";
				SWIFT_EMIT_LOC_STRINGS = YES;
				SWIFT_VERSION = 5.0;
				TARGETED_DEVICE_FAMILY = "1,2";
			};
			name = Debug;
		};
		812DA8EA2B7D2159009F73DE /* Release */ = {
			isa = XCBuildConfiguration;
			buildSettings = {
				ASSETCATALOG_COMPILER_APPICON_NAME = AppIcon;
				ASSETCATALOG_COMPILER_GLOBAL_ACCENT_COLOR_NAME = AccentColor;
				CODE_SIGN_STYLE = Automatic;
				CURRENT_PROJECT_VERSION = 1;
				GENERATE_INFOPLIST_FILE = YES;
				INFOPLIST_FILE = Demo01/Info.plist;
				INFOPLIST_KEY_UIApplicationSupportsIndirectInputEvents = YES;
				INFOPLIST_KEY_UILaunchStoryboardName = LaunchScreen;
				INFOPLIST_KEY_UIMainStoryboardFile = Main;
				INFOPLIST_KEY_UISupportedInterfaceOrientations_iPad = "UIInterfaceOrientationPortrait UIInterfaceOrientationPortraitUpsideDown UIInterfaceOrientationLandscapeLeft UIInterfaceOrientationLandscapeRight";
				INFOPLIST_KEY_UISupportedInterfaceOrientations_iPhone = "UIInterfaceOrientationPortrait UIInterfaceOrientationLandscapeLeft UIInterfaceOrientationLandscapeRight";
				LD_RUNPATH_SEARCH_PATHS = (
					"$(inherited)",
					"@executable_path/Frameworks",
				);
				MARKETING_VERSION = 1.0;
				PRODUCT_BUNDLE_IDENTIFIER = com.nikolailic.Demo01;
				PRODUCT_NAME = "$(TARGET_NAME)";
				SWIFT_EMIT_LOC_STRINGS = YES;
				SWIFT_VERSION = 5.0;
				TARGETED_DEVICE_FAMILY = "1,2";
			};
			name = Release;
		};
/* End XCBuildConfiguration section */

/* Begin XCConfigurationList section */
		812DA8CF2B7D2157009F73DE /* Build configuration list for PBXProject "Demo01" */ = {
			isa = XCConfigurationList;
			buildConfigurations = (
				812DA8E62B7D2159009F73DE /* Debug */,
				812DA8E72B7D2159009F73DE /* Release */,
			);
			defaultConfigurationIsVisible = 0;
			defaultConfigurationName = Release;
		};
		812DA8E82B7D2159009F73DE /* Build configuration list for PBXNativeTarget "Demo01" */ = {
			isa = XCConfigurationList;
			buildConfigurations = (
				812DA8E92B7D2159009F73DE /* Debug */,
				812DA8EA2B7D2159009F73DE /* Release */,
			);
			defaultConfigurationIsVisible = 0;
			defaultConfigurationName = Release;
		};
/* End XCConfigurationList section */

/* Begin XCRemoteSwiftPackageReference section */
		812DA8ED2B7D23B4009F73DE /* XCRemoteSwiftPackageReference "branch.io" */ = {
			isa = XCRemoteSwiftPackageReference;
			repositoryURL = "https://github.com/MihaelIsaev/branch.io.spm";
			requirement = {
				branch = master;
				kind = branch;
			};
		};
		812DA8F02B7D2494009F73DE /* XCRemoteSwiftPackageReference "Alamofire" */ = {
			isa = XCRemoteSwiftPackageReference;
			repositoryURL = "https://github.com/Alamofire/Alamofire.git";
			requirement = {
				kind = upToNextMajorVersion;
				minimumVersion = 5.0.0;
			};
		};
/* End XCRemoteSwiftPackageReference section */

/* Begin XCSwiftPackageProductDependency section */
		812DA8EE2B7D23B4009F73DE /* Branch */ = {
			isa = XCSwiftPackageProductDependency;
			package = 812DA8ED2B7D23B4009F73DE /* XCRemoteSwiftPackageReference "branch.io" */;
			productName = Branch;
		};
		812DA8F12B7D2494009F73DE /* Alamofire */ = {
			isa = XCSwiftPackageProductDependency;
			package = 812DA8F02B7D2494009F73DE /* XCRemoteSwiftPackageReference "Alamofire" */;
			productName = Alamofire;
		};
/* End XCSwiftPackageProductDependency section */
	};
	rootObject = 812DA8CC2B7D2157009F73DE /* Project object */;
}
